
Microsoft Visual Studio Solution File, Format Version 11.00
# Visual Studio 2010
Project("{FAE04EC0-301F-11D3-BF4B-00C04F79EFBC}") = "WitchriderNova_Rebuild", "Assembly-CSharp.csproj", "{52D109F3-FA7A-E7CE-8EAD-E589A9FF174B}"
EndProject
Global
	GlobalSection(SolutionConfigurationPlatforms) = preSolution
		Debug|Any CPU = Debug|Any CPU
		Release|Any CPU = Release|Any CPU
	EndGlobalSection
	GlobalSection(ProjectConfigurationPlatforms) = postSolution
		{52D109F3-FA7A-E7CE-8EAD-E589A9FF174B}.Debug|Any CPU.ActiveCfg = Debug|Any CPU
		{52D109F3-FA7A-E7CE-8EAD-E589A9FF174B}.Debug|Any CPU.Build.0 = Debug|Any CPU
		{52D109F3-FA7A-E7CE-8EAD-E589A9FF174B}.Release|Any CPU.ActiveCfg = Release|Any CPU
		{52D109F3-FA7A-E7CE-8EAD-E589A9FF174B}.Release|Any CPU.Build.0 = Release|Any CPU
	EndGlobalSection
	GlobalSection(SolutionProperties) = preSolution
		HideSolutionNode = FALSE
	EndGlobalSection
	GlobalSection(MonoDevelopProperties) = preSolution
		StartupItem = Assembly-CSharp.csproj
	EndGlobalSection
EndGlobal
